
Microsoft Visual Studio Solution File, Format Version 12.00
# Visual Studio Version 17
VisualStudioVersion = 17.1.32210.238
MinimumVisualStudioVersion = 10.0.40219.1
Project("{9A19103F-16F7-4668-BE54-9A1E7A4F7556}") = "YoFi.Core", "submodules\YoFi\YoFi.Core\YoFi.Core.csproj", "{DEB7FF3D-B206-403A-9024-5E5626BF13E8}"
EndProject
Project("{9A19103F-16F7-4668-BE54-9A1E7A4F7556}") = "YoFi.WireApi", "YoFi.WireApi\YoFi.WireApi.csproj", "{60E445CE-0B1E-4927-9CCE-198797FDEED8}"
EndProject
Project("{9A19103F-16F7-4668-BE54-9A1E7A4F7556}") = "YoFi.WireApi.Host", "YoFi.WireApi.Host\YoFi.WireApi.Host.csproj", "{00DCE3A0-B3D3-4A9B-B2E1-811F217C2F8F}"
EndProject
Project("{9A19103F-16F7-4668-BE54-9A1E7A4F7556}") = "YoFi.WireApi.Tests", "YoFi.WireApi.Tests\YoFi.WireApi.Tests.csproj", "{0A21C198-40B4-4CA8-B128-2D9FE1579EB8}"
EndProject
Project("{FAE04EC0-301F-11D3-BF4B-00C04F79EFBC}") = "YoFi.Blazor.Client", "YoFi.Blazor.Client\YoFi.Blazor.Client.csproj", "{00F7E21A-7C46-41F1-9009-711011804A73}"
EndProject
Project("{FAE04EC0-301F-11D3-BF4B-00C04F79EFBC}") = "YoFi.Blazor.Server", "YoFi.Blazor.Server\YoFi.Blazor.Server.csproj", "{2CA12D21-6BBC-43B8-BA79-6659822D65C8}"
EndProject
Global
	GlobalSection(SolutionConfigurationPlatforms) = preSolution
		Debug|Any CPU = Debug|Any CPU
		Release|Any CPU = Release|Any CPU
	EndGlobalSection
	GlobalSection(ProjectConfigurationPlatforms) = postSolution
		{DEB7FF3D-B206-403A-9024-5E5626BF13E8}.Debug|Any CPU.ActiveCfg = Debug|Any CPU
		{DEB7FF3D-B206-403A-9024-5E5626BF13E8}.Debug|Any CPU.Build.0 = Debug|Any CPU
		{DEB7FF3D-B206-403A-9024-5E5626BF13E8}.Release|Any CPU.ActiveCfg = Release|Any CPU
		{DEB7FF3D-B206-403A-9024-5E5626BF13E8}.Release|Any CPU.Build.0 = Release|Any CPU
		{60E445CE-0B1E-4927-9CCE-198797FDEED8}.Debug|Any CPU.ActiveCfg = Debug|Any CPU
		{60E445CE-0B1E-4927-9CCE-198797FDEED8}.Debug|Any CPU.Build.0 = Debug|Any CPU
		{60E445CE-0B1E-4927-9CCE-198797FDEED8}.Release|Any CPU.ActiveCfg = Release|Any CPU
		{60E445CE-0B1E-4927-9CCE-198797FDEED8}.Release|Any CPU.Build.0 = Release|Any CPU
		{00DCE3A0-B3D3-4A9B-B2E1-811F217C2F8F}.Debug|Any CPU.ActiveCfg = Debug|Any CPU
		{00DCE3A0-B3D3-4A9B-B2E1-811F217C2F8F}.Debug|Any CPU.Build.0 = Debug|Any CPU
		{00DCE3A0-B3D3-4A9B-B2E1-811F217C2F8F}.Release|Any CPU.ActiveCfg = Release|Any CPU
		{00DCE3A0-B3D3-4A9B-B2E1-811F217C2F8F}.Release|Any CPU.Build.0 = Release|Any CPU
		{0A21C198-40B4-4CA8-B128-2D9FE1579EB8}.Debug|Any CPU.ActiveCfg = Debug|Any CPU
		{0A21C198-40B4-4CA8-B128-2D9FE1579EB8}.Debug|Any CPU.Build.0 = Debug|Any CPU
		{0A21C198-40B4-4CA8-B128-2D9FE1579EB8}.Release|Any CPU.ActiveCfg = Release|Any CPU
		{0A21C198-40B4-4CA8-B128-2D9FE1579EB8}.Release|Any CPU.Build.0 = Release|Any CPU
		{00F7E21A-7C46-41F1-9009-711011804A73}.Debug|Any CPU.ActiveCfg = Debug|Any CPU
		{00F7E21A-7C46-41F1-9009-711011804A73}.Debug|Any CPU.Build.0 = Debug|Any CPU
		{00F7E21A-7C46-41F1-9009-711011804A73}.Release|Any CPU.ActiveCfg = Release|Any CPU
		{00F7E21A-7C46-41F1-9009-711011804A73}.Release|Any CPU.Build.0 = Release|Any CPU
		{2CA12D21-6BBC-43B8-BA79-6659822D65C8}.Debug|Any CPU.ActiveCfg = Debug|Any CPU
		{2CA12D21-6BBC-43B8-BA79-6659822D65C8}.Debug|Any CPU.Build.0 = Debug|Any CPU
		{2CA12D21-6BBC-43B8-BA79-6659822D65C8}.Release|Any CPU.ActiveCfg = Release|Any CPU
		{2CA12D21-6BBC-43B8-BA79-6659822D65C8}.Release|Any CPU.Build.0 = Release|Any CPU
	EndGlobalSection
	GlobalSection(SolutionProperties) = preSolution
		HideSolutionNode = FALSE
	EndGlobalSection
	GlobalSection(ExtensibilityGlobals) = postSolution
		SolutionGuid = {1494EB2D-A271-4991-8E3E-19D43DC0AB91}
	EndGlobalSection
EndGlobal
