
Microsoft Visual Studio Solution File, Format Version 12.00
# Visual Studio Version 17
VisualStudioVersion = 17.1.32210.238
MinimumVisualStudioVersion = 10.0.40219.1
Project("{9A19103F-16F7-4668-BE54-9A1E7A4F7556}") = "YoFi.Experiments.WebApi", "YoFi.Experiments.WebApi\YoFi.Experiments.WebApi.csproj", "{A9E74114-59AD-4BFE-899D-A696FD3954B9}"
EndProject
Project("{9A19103F-16F7-4668-BE54-9A1E7A4F7556}") = "YoFi.Experiments.WebApi.Tests", "YoFi.Experiments.WebApi.Tests\YoFi.Experiments.WebApi.Tests.csproj", "{81B309B3-8FCC-4C4A-87DB-9BD41469D5B5}"
EndProject
Project("{9A19103F-16F7-4668-BE54-9A1E7A4F7556}") = "YoFi.Core", "submodules\YoFi\YoFi.Core\YoFi.Core.csproj", "{DEB7FF3D-B206-403A-9024-5E5626BF13E8}"
EndProject
Project("{FAE04EC0-301F-11D3-BF4B-00C04F79EFBC}") = "YoFi.Experiments.WebApi.Client", "YoFi.Experiments.WebApi.Client\YoFi.Experiments.WebApi.Client.csproj", "{3B1BD5B8-3ECE-4334-A8EA-4B83B52D52D8}"
EndProject
Global
	GlobalSection(SolutionConfigurationPlatforms) = preSolution
		Debug|Any CPU = Debug|Any CPU
		Release|Any CPU = Release|Any CPU
	EndGlobalSection
	GlobalSection(ProjectConfigurationPlatforms) = postSolution
		{A9E74114-59AD-4BFE-899D-A696FD3954B9}.Debug|Any CPU.ActiveCfg = Debug|Any CPU
		{A9E74114-59AD-4BFE-899D-A696FD3954B9}.Debug|Any CPU.Build.0 = Debug|Any CPU
		{A9E74114-59AD-4BFE-899D-A696FD3954B9}.Release|Any CPU.ActiveCfg = Release|Any CPU
		{A9E74114-59AD-4BFE-899D-A696FD3954B9}.Release|Any CPU.Build.0 = Release|Any CPU
		{81B309B3-8FCC-4C4A-87DB-9BD41469D5B5}.Debug|Any CPU.ActiveCfg = Debug|Any CPU
		{81B309B3-8FCC-4C4A-87DB-9BD41469D5B5}.Debug|Any CPU.Build.0 = Debug|Any CPU
		{81B309B3-8FCC-4C4A-87DB-9BD41469D5B5}.Release|Any CPU.ActiveCfg = Release|Any CPU
		{81B309B3-8FCC-4C4A-87DB-9BD41469D5B5}.Release|Any CPU.Build.0 = Release|Any CPU
		{DEB7FF3D-B206-403A-9024-5E5626BF13E8}.Debug|Any CPU.ActiveCfg = Debug|Any CPU
		{DEB7FF3D-B206-403A-9024-5E5626BF13E8}.Debug|Any CPU.Build.0 = Debug|Any CPU
		{DEB7FF3D-B206-403A-9024-5E5626BF13E8}.Release|Any CPU.ActiveCfg = Release|Any CPU
		{DEB7FF3D-B206-403A-9024-5E5626BF13E8}.Release|Any CPU.Build.0 = Release|Any CPU
		{3B1BD5B8-3ECE-4334-A8EA-4B83B52D52D8}.Debug|Any CPU.ActiveCfg = Debug|Any CPU
		{3B1BD5B8-3ECE-4334-A8EA-4B83B52D52D8}.Debug|Any CPU.Build.0 = Debug|Any CPU
		{3B1BD5B8-3ECE-4334-A8EA-4B83B52D52D8}.Release|Any CPU.ActiveCfg = Release|Any CPU
		{3B1BD5B8-3ECE-4334-A8EA-4B83B52D52D8}.Release|Any CPU.Build.0 = Release|Any CPU
	EndGlobalSection
	GlobalSection(SolutionProperties) = preSolution
		HideSolutionNode = FALSE
	EndGlobalSection
	GlobalSection(ExtensibilityGlobals) = postSolution
		SolutionGuid = {1494EB2D-A271-4991-8E3E-19D43DC0AB91}
	EndGlobalSection
EndGlobal
